
Microsoft Visual Studio Solution File, Format Version 12.00
# Visual Studio Version 17
VisualStudioVersion = 17.4.33213.308
MinimumVisualStudioVersion = 10.0.40219.1
Project("{FAE04EC0-301F-11D3-BF4B-00C04F79EFBC}") = "İfelse_TumOperatorler", "İfelse_TumOperatorler.csproj", "{B251DBB7-F07F-4E24-AFD2-B456F2317750}"
EndProject
Global
	GlobalSection(SolutionConfigurationPlatforms) = preSolution
		Debug|Any CPU = Debug|Any CPU
		Release|Any CPU = Release|Any CPU
	EndGlobalSection
	GlobalSection(ProjectConfigurationPlatforms) = postSolution
		{B251DBB7-F07F-4E24-AFD2-B456F2317750}.Debug|Any CPU.ActiveCfg = Debug|Any CPU
		{B251DBB7-F07F-4E24-AFD2-B456F2317750}.Debug|Any CPU.Build.0 = Debug|Any CPU
		{B251DBB7-F07F-4E24-AFD2-B456F2317750}.Release|Any CPU.ActiveCfg = Release|Any CPU
		{B251DBB7-F07F-4E24-AFD2-B456F2317750}.Release|Any CPU.Build.0 = Release|Any CPU
	EndGlobalSection
	GlobalSection(SolutionProperties) = preSolution
		HideSolutionNode = FALSE
	EndGlobalSection
	GlobalSection(ExtensibilityGlobals) = postSolution
		SolutionGuid = {4AB44E5A-DD60-4E9E-9547-99FBC6B7EE1A}
	EndGlobalSection
EndGlobal
