
Microsoft Visual Studio Solution File, Format Version 12.00
# Visual Studio Version 17
VisualStudioVersion = 17.4.33213.308
MinimumVisualStudioVersion = 10.0.40219.1
Project("{FAE04EC0-301F-11D3-BF4B-00C04F79EFBC}") = "DoubleDegiskenler", "DoubleDegiskenler.csproj", "{90C26F13-CF72-4687-8855-AC46BEDCEE67}"
EndProject
Global
	GlobalSection(SolutionConfigurationPlatforms) = preSolution
		Debug|Any CPU = Debug|Any CPU
		Release|Any CPU = Release|Any CPU
	EndGlobalSection
	GlobalSection(ProjectConfigurationPlatforms) = postSolution
		{90C26F13-CF72-4687-8855-AC46BEDCEE67}.Debug|Any CPU.ActiveCfg = Debug|Any CPU
		{90C26F13-CF72-4687-8855-AC46BEDCEE67}.Debug|Any CPU.Build.0 = Debug|Any CPU
		{90C26F13-CF72-4687-8855-AC46BEDCEE67}.Release|Any CPU.ActiveCfg = Release|Any CPU
		{90C26F13-CF72-4687-8855-AC46BEDCEE67}.Release|Any CPU.Build.0 = Release|Any CPU
	EndGlobalSection
	GlobalSection(SolutionProperties) = preSolution
		HideSolutionNode = FALSE
	EndGlobalSection
	GlobalSection(ExtensibilityGlobals) = postSolution
		SolutionGuid = {1FF85C88-4EF3-45AA-9440-2DE96B9B9956}
	EndGlobalSection
EndGlobal
