
Microsoft Visual Studio Solution File, Format Version 12.00
# Visual Studio Version 17
VisualStudioVersion = 17.4.33213.308
MinimumVisualStudioVersion = 10.0.40219.1
Project("{FAE04EC0-301F-11D3-BF4B-00C04F79EFBC}") = "ClassCokBicimlilik", "ClassCokBicimlilik.csproj", "{6825D64C-B389-40B7-800E-BCAA2DD46CD1}"
EndProject
Global
	GlobalSection(SolutionConfigurationPlatforms) = preSolution
		Debug|Any CPU = Debug|Any CPU
		Release|Any CPU = Release|Any CPU
	EndGlobalSection
	GlobalSection(ProjectConfigurationPlatforms) = postSolution
		{6825D64C-B389-40B7-800E-BCAA2DD46CD1}.Debug|Any CPU.ActiveCfg = Debug|Any CPU
		{6825D64C-B389-40B7-800E-BCAA2DD46CD1}.Debug|Any CPU.Build.0 = Debug|Any CPU
		{6825D64C-B389-40B7-800E-BCAA2DD46CD1}.Release|Any CPU.ActiveCfg = Release|Any CPU
		{6825D64C-B389-40B7-800E-BCAA2DD46CD1}.Release|Any CPU.Build.0 = Release|Any CPU
	EndGlobalSection
	GlobalSection(SolutionProperties) = preSolution
		HideSolutionNode = FALSE
	EndGlobalSection
	GlobalSection(ExtensibilityGlobals) = postSolution
		SolutionGuid = {4574C16F-6DDF-497A-B1C9-2A68A2D92A6F}
	EndGlobalSection
EndGlobal
