
Microsoft Visual Studio Solution File, Format Version 12.00
# Visual Studio Version 17
VisualStudioVersion = 17.4.33213.308
MinimumVisualStudioVersion = 10.0.40219.1
Project("{FAE04EC0-301F-11D3-BF4B-00C04F79EFBC}") = "KelimeTahmin", "KelimeTahmin.csproj", "{7531A552-6D0A-4CFA-AECE-98DBAA3A2FC2}"
EndProject
Global
	GlobalSection(SolutionConfigurationPlatforms) = preSolution
		Debug|Any CPU = Debug|Any CPU
		Release|Any CPU = Release|Any CPU
	EndGlobalSection
	GlobalSection(ProjectConfigurationPlatforms) = postSolution
		{7531A552-6D0A-4CFA-AECE-98DBAA3A2FC2}.Debug|Any CPU.ActiveCfg = Debug|Any CPU
		{7531A552-6D0A-4CFA-AECE-98DBAA3A2FC2}.Debug|Any CPU.Build.0 = Debug|Any CPU
		{7531A552-6D0A-4CFA-AECE-98DBAA3A2FC2}.Release|Any CPU.ActiveCfg = Release|Any CPU
		{7531A552-6D0A-4CFA-AECE-98DBAA3A2FC2}.Release|Any CPU.Build.0 = Release|Any CPU
	EndGlobalSection
	GlobalSection(SolutionProperties) = preSolution
		HideSolutionNode = FALSE
	EndGlobalSection
	GlobalSection(ExtensibilityGlobals) = postSolution
		SolutionGuid = {7837A57E-ACFB-4C9B-BBCA-8F0C63C5052E}
	EndGlobalSection
EndGlobal
