
Microsoft Visual Studio Solution File, Format Version 12.00
# Visual Studio Version 17
VisualStudioVersion = 17.4.33213.308
MinimumVisualStudioVersion = 10.0.40219.1
Project("{FAE04EC0-301F-11D3-BF4B-00C04F79EFBC}") = "tersyazi", "tersyazi.csproj", "{69ECD98F-6F85-4415-B1D9-B037E7A5429E}"
EndProject
Global
	GlobalSection(SolutionConfigurationPlatforms) = preSolution
		Debug|Any CPU = Debug|Any CPU
		Release|Any CPU = Release|Any CPU
	EndGlobalSection
	GlobalSection(ProjectConfigurationPlatforms) = postSolution
		{69ECD98F-6F85-4415-B1D9-B037E7A5429E}.Debug|Any CPU.ActiveCfg = Debug|Any CPU
		{69ECD98F-6F85-4415-B1D9-B037E7A5429E}.Debug|Any CPU.Build.0 = Debug|Any CPU
		{69ECD98F-6F85-4415-B1D9-B037E7A5429E}.Release|Any CPU.ActiveCfg = Release|Any CPU
		{69ECD98F-6F85-4415-B1D9-B037E7A5429E}.Release|Any CPU.Build.0 = Release|Any CPU
	EndGlobalSection
	GlobalSection(SolutionProperties) = preSolution
		HideSolutionNode = FALSE
	EndGlobalSection
	GlobalSection(ExtensibilityGlobals) = postSolution
		SolutionGuid = {A4A61319-D41B-4943-A22E-46ACF51767C3}
	EndGlobalSection
EndGlobal
