
Microsoft Visual Studio Solution File, Format Version 12.00
# Visual Studio Version 17
VisualStudioVersion = 17.4.33213.308
MinimumVisualStudioVersion = 10.0.40219.1
Project("{FAE04EC0-301F-11D3-BF4B-00C04F79EFBC}") = "floatornek", "floatornek.csproj", "{298883AB-2CF9-4FD7-9DCC-18DE7FB54261}"
EndProject
Global
	GlobalSection(SolutionConfigurationPlatforms) = preSolution
		Debug|Any CPU = Debug|Any CPU
		Release|Any CPU = Release|Any CPU
	EndGlobalSection
	GlobalSection(ProjectConfigurationPlatforms) = postSolution
		{298883AB-2CF9-4FD7-9DCC-18DE7FB54261}.Debug|Any CPU.ActiveCfg = Debug|Any CPU
		{298883AB-2CF9-4FD7-9DCC-18DE7FB54261}.Debug|Any CPU.Build.0 = Debug|Any CPU
		{298883AB-2CF9-4FD7-9DCC-18DE7FB54261}.Release|Any CPU.ActiveCfg = Release|Any CPU
		{298883AB-2CF9-4FD7-9DCC-18DE7FB54261}.Release|Any CPU.Build.0 = Release|Any CPU
	EndGlobalSection
	GlobalSection(SolutionProperties) = preSolution
		HideSolutionNode = FALSE
	EndGlobalSection
	GlobalSection(ExtensibilityGlobals) = postSolution
		SolutionGuid = {97B01ED9-0F6C-47C7-B903-3E129679C6E4}
	EndGlobalSection
EndGlobal
