
Microsoft Visual Studio Solution File, Format Version 12.00
# Visual Studio Version 17
VisualStudioVersion = 17.4.33213.308
MinimumVisualStudioVersion = 10.0.40219.1
Project("{FAE04EC0-301F-11D3-BF4B-00C04F79EFBC}") = "for_dongu2", "for_dongu2.csproj", "{3D0E6EA3-BCD5-4122-B38C-43F602C2F451}"
EndProject
Global
	GlobalSection(SolutionConfigurationPlatforms) = preSolution
		Debug|Any CPU = Debug|Any CPU
		Release|Any CPU = Release|Any CPU
	EndGlobalSection
	GlobalSection(ProjectConfigurationPlatforms) = postSolution
		{3D0E6EA3-BCD5-4122-B38C-43F602C2F451}.Debug|Any CPU.ActiveCfg = Debug|Any CPU
		{3D0E6EA3-BCD5-4122-B38C-43F602C2F451}.Debug|Any CPU.Build.0 = Debug|Any CPU
		{3D0E6EA3-BCD5-4122-B38C-43F602C2F451}.Release|Any CPU.ActiveCfg = Release|Any CPU
		{3D0E6EA3-BCD5-4122-B38C-43F602C2F451}.Release|Any CPU.Build.0 = Release|Any CPU
	EndGlobalSection
	GlobalSection(SolutionProperties) = preSolution
		HideSolutionNode = FALSE
	EndGlobalSection
	GlobalSection(ExtensibilityGlobals) = postSolution
		SolutionGuid = {E81290DF-9658-4A4E-A006-1715612CB700}
	EndGlobalSection
EndGlobal
