
Microsoft Visual Studio Solution File, Format Version 12.00
# Visual Studio Version 17
VisualStudioVersion = 17.4.33213.308
MinimumVisualStudioVersion = 10.0.40219.1
Project("{FAE04EC0-301F-11D3-BF4B-00C04F79EFBC}") = "StackHeapBoxingUnboxing", "StackHeapBoxingUnboxing.csproj", "{535D015F-0C90-42D5-A561-701DB352714D}"
EndProject
Global
	GlobalSection(SolutionConfigurationPlatforms) = preSolution
		Debug|Any CPU = Debug|Any CPU
		Release|Any CPU = Release|Any CPU
	EndGlobalSection
	GlobalSection(ProjectConfigurationPlatforms) = postSolution
		{535D015F-0C90-42D5-A561-701DB352714D}.Debug|Any CPU.ActiveCfg = Debug|Any CPU
		{535D015F-0C90-42D5-A561-701DB352714D}.Debug|Any CPU.Build.0 = Debug|Any CPU
		{535D015F-0C90-42D5-A561-701DB352714D}.Release|Any CPU.ActiveCfg = Release|Any CPU
		{535D015F-0C90-42D5-A561-701DB352714D}.Release|Any CPU.Build.0 = Release|Any CPU
	EndGlobalSection
	GlobalSection(SolutionProperties) = preSolution
		HideSolutionNode = FALSE
	EndGlobalSection
	GlobalSection(ExtensibilityGlobals) = postSolution
		SolutionGuid = {9A19D8D9-195C-4F8C-AD74-54BA87EAA3D1}
	EndGlobalSection
EndGlobal
