
Microsoft Visual Studio Solution File, Format Version 12.00
# Visual Studio Version 17
VisualStudioVersion = 17.4.33213.308
MinimumVisualStudioVersion = 10.0.40219.1
Project("{FAE04EC0-301F-11D3-BF4B-00C04F79EFBC}") = "dongu_For", "dongu_For.csproj", "{252AB2B6-FB6D-4CA3-8008-15896B9DB604}"
EndProject
Global
	GlobalSection(SolutionConfigurationPlatforms) = preSolution
		Debug|Any CPU = Debug|Any CPU
		Release|Any CPU = Release|Any CPU
	EndGlobalSection
	GlobalSection(ProjectConfigurationPlatforms) = postSolution
		{252AB2B6-FB6D-4CA3-8008-15896B9DB604}.Debug|Any CPU.ActiveCfg = Debug|Any CPU
		{252AB2B6-FB6D-4CA3-8008-15896B9DB604}.Debug|Any CPU.Build.0 = Debug|Any CPU
		{252AB2B6-FB6D-4CA3-8008-15896B9DB604}.Release|Any CPU.ActiveCfg = Release|Any CPU
		{252AB2B6-FB6D-4CA3-8008-15896B9DB604}.Release|Any CPU.Build.0 = Release|Any CPU
	EndGlobalSection
	GlobalSection(SolutionProperties) = preSolution
		HideSolutionNode = FALSE
	EndGlobalSection
	GlobalSection(ExtensibilityGlobals) = postSolution
		SolutionGuid = {CD341422-F3FA-4400-B43D-CA2021781A3E}
	EndGlobalSection
EndGlobal
