
Microsoft Visual Studio Solution File, Format Version 12.00
# Visual Studio Version 17
VisualStudioVersion = 17.4.33213.308
MinimumVisualStudioVersion = 10.0.40219.1
Project("{FAE04EC0-301F-11D3-BF4B-00C04F79EFBC}") = "ByteSbyteShortUshort", "ByteSbyteShortUshort.csproj", "{216B49A0-4024-4B94-9DB9-7FB17B271D4B}"
EndProject
Global
	GlobalSection(SolutionConfigurationPlatforms) = preSolution
		Debug|Any CPU = Debug|Any CPU
		Release|Any CPU = Release|Any CPU
	EndGlobalSection
	GlobalSection(ProjectConfigurationPlatforms) = postSolution
		{216B49A0-4024-4B94-9DB9-7FB17B271D4B}.Debug|Any CPU.ActiveCfg = Debug|Any CPU
		{216B49A0-4024-4B94-9DB9-7FB17B271D4B}.Debug|Any CPU.Build.0 = Debug|Any CPU
		{216B49A0-4024-4B94-9DB9-7FB17B271D4B}.Release|Any CPU.ActiveCfg = Release|Any CPU
		{216B49A0-4024-4B94-9DB9-7FB17B271D4B}.Release|Any CPU.Build.0 = Release|Any CPU
	EndGlobalSection
	GlobalSection(SolutionProperties) = preSolution
		HideSolutionNode = FALSE
	EndGlobalSection
	GlobalSection(ExtensibilityGlobals) = postSolution
		SolutionGuid = {0D219E70-812B-48C9-9114-46A91E2B1121}
	EndGlobalSection
EndGlobal
